// !$*UTF8*$!
{
	archiveVersion = 1;
	classes = {
	};
	objectVersion = 50;
	objects = {

/* Begin PBXBuildFile section */
		030B424F21E6519E00FF4921 /* HomeScreenViewController.swift in Sources */ = {isa = PBXBuildFile; fileRef = 030B424E21E6519E00FF4921 /* HomeScreenViewController.swift */; };
		0376657C21E8E17900F6E2C0 /* stoppedItem.swift in Sources */ = {isa = PBXBuildFile; fileRef = 0376657B21E8E17900F6E2C0 /* stoppedItem.swift */; };
		0376658021EDF1C900F6E2C0 /* MainSocialViewController.swift in Sources */ = {isa = PBXBuildFile; fileRef = 0376657F21EDF1C900F6E2C0 /* MainSocialViewController.swift */; };
		0376658221EDF2DA00F6E2C0 /* SocialEventsViewController.swift in Sources */ = {isa = PBXBuildFile; fileRef = 0376658121EDF2DA00F6E2C0 /* SocialEventsViewController.swift */; };
		0376658421EDF2EB00F6E2C0 /* SocialFriendsViewController.swift in Sources */ = {isa = PBXBuildFile; fileRef = 0376658321EDF2EB00F6E2C0 /* SocialFriendsViewController.swift */; };
		0376658621EE0EB800F6E2C0 /* AddFriendViewController.swift in Sources */ = {isa = PBXBuildFile; fileRef = 0376658521EE0EB800F6E2C0 /* AddFriendViewController.swift */; };
		0376658821EE18EB00F6E2C0 /* User.swift in Sources */ = {isa = PBXBuildFile; fileRef = 0376658721EE18EB00F6E2C0 /* User.swift */; };
		039DBCB621E615C000D5B22B /* AppDelegate.swift in Sources */ = {isa = PBXBuildFile; fileRef = 039DBCB521E615C000D5B22B /* AppDelegate.swift */; };
		039DBCB821E615C000D5B22B /* InitialViewController.swift in Sources */ = {isa = PBXBuildFile; fileRef = 039DBCB721E615C000D5B22B /* InitialViewController.swift */; };
		039DBCBB21E615C000D5B22B /* Main.storyboard in Resources */ = {isa = PBXBuildFile; fileRef = 039DBCB921E615C000D5B22B /* Main.storyboard */; };
		039DBCBD21E615C300D5B22B /* Assets.xcassets in Resources */ = {isa = PBXBuildFile; fileRef = 039DBCBC21E615C300D5B22B /* Assets.xcassets */; };
		039DBCC021E615C300D5B22B /* LaunchScreen.storyboard in Resources */ = {isa = PBXBuildFile; fileRef = 039DBCBE21E615C300D5B22B /* LaunchScreen.storyboard */; };
		039DBCC821E6187D00D5B22B /* MenuViewController.swift in Sources */ = {isa = PBXBuildFile; fileRef = 039DBCC721E6187D00D5B22B /* MenuViewController.swift */; };
		039DBCCA21E62A1500D5B22B /* LogInViewController.swift in Sources */ = {isa = PBXBuildFile; fileRef = 039DBCC921E62A1500D5B22B /* LogInViewController.swift */; };
		039DBCCC21E6371900D5B22B /* SignUpViewController.swift in Sources */ = {isa = PBXBuildFile; fileRef = 039DBCCB21E6371900D5B22B /* SignUpViewController.swift */; };
		039DBCCE21E6458000D5B22B /* GoogleService-Info.plist in Resources */ = {isa = PBXBuildFile; fileRef = 039DBCCD21E6457F00D5B22B /* GoogleService-Info.plist */; };
		03A5BA5321E782A900DA26FB /* SessionController.swift in Sources */ = {isa = PBXBuildFile; fileRef = 03A5BA5221E782A900DA26FB /* SessionController.swift */; };
		03A5BA5521E78B8600DA26FB /* DetailStoppingInformationViewController.swift in Sources */ = {isa = PBXBuildFile; fileRef = 03A5BA5421E78B8600DA26FB /* DetailStoppingInformationViewController.swift */; };
		03A5BA5721E78C5800DA26FB /* NewStopViewController.swift in Sources */ = {isa = PBXBuildFile; fileRef = 03A5BA5621E78C5800DA26FB /* NewStopViewController.swift */; };
		03A5BA5921E790D400DA26FB /* ProductType.swift in Sources */ = {isa = PBXBuildFile; fileRef = 03A5BA5821E790D400DA26FB /* ProductType.swift */; };
		03CEF31B21EE31FE00B80F6B /* SearchUserTableViewCell.swift in Sources */ = {isa = PBXBuildFile; fileRef = 03CEF31A21EE31FE00B80F6B /* SearchUserTableViewCell.swift */; };
		575543324A61FB4420D8E5A1 /* Pods_QuitMeat.framework in Frameworks */ = {isa = PBXBuildFile; fileRef = 72531E7F512C593AD2EB51CD /* Pods_QuitMeat.framework */; };
/* End PBXBuildFile section */

/* Begin PBXFileReference section */
		030B424E21E6519E00FF4921 /* HomeScreenViewController.swift */ = {isa = PBXFileReference; lastKnownFileType = sourcecode.swift; path = HomeScreenViewController.swift; sourceTree = "<group>"; };
		0376657B21E8E17900F6E2C0 /* stoppedItem.swift */ = {isa = PBXFileReference; lastKnownFileType = sourcecode.swift; path = stoppedItem.swift; sourceTree = "<group>"; };
		0376657F21EDF1C900F6E2C0 /* MainSocialViewController.swift */ = {isa = PBXFileReference; lastKnownFileType = sourcecode.swift; path = MainSocialViewController.swift; sourceTree = "<group>"; };
		0376658121EDF2DA00F6E2C0 /* SocialEventsViewController.swift */ = {isa = PBXFileReference; lastKnownFileType = sourcecode.swift; path = SocialEventsViewController.swift; sourceTree = "<group>"; };
		0376658321EDF2EB00F6E2C0 /* SocialFriendsViewController.swift */ = {isa = PBXFileReference; lastKnownFileType = sourcecode.swift; path = SocialFriendsViewController.swift; sourceTree = "<group>"; };
		0376658521EE0EB800F6E2C0 /* AddFriendViewController.swift */ = {isa = PBXFileReference; lastKnownFileType = sourcecode.swift; path = AddFriendViewController.swift; sourceTree = "<group>"; };
		0376658721EE18EB00F6E2C0 /* User.swift */ = {isa = PBXFileReference; lastKnownFileType = sourcecode.swift; path = User.swift; sourceTree = "<group>"; };
		039DBCB221E615C000D5B22B /* QuitMeat.app */ = {isa = PBXFileReference; explicitFileType = wrapper.application; includeInIndex = 0; path = QuitMeat.app; sourceTree = BUILT_PRODUCTS_DIR; };
		039DBCB521E615C000D5B22B /* AppDelegate.swift */ = {isa = PBXFileReference; lastKnownFileType = sourcecode.swift; path = AppDelegate.swift; sourceTree = "<group>"; };
		039DBCB721E615C000D5B22B /* InitialViewController.swift */ = {isa = PBXFileReference; lastKnownFileType = sourcecode.swift; path = InitialViewController.swift; sourceTree = "<group>"; };
		039DBCBA21E615C000D5B22B /* Base */ = {isa = PBXFileReference; lastKnownFileType = file.storyboard; name = Base; path = Base.lproj/Main.storyboard; sourceTree = "<group>"; };
		039DBCBC21E615C300D5B22B /* Assets.xcassets */ = {isa = PBXFileReference; lastKnownFileType = folder.assetcatalog; path = Assets.xcassets; sourceTree = "<group>"; };
		039DBCBF21E615C300D5B22B /* Base */ = {isa = PBXFileReference; lastKnownFileType = file.storyboard; name = Base; path = Base.lproj/LaunchScreen.storyboard; sourceTree = "<group>"; };
		039DBCC121E615C300D5B22B /* Info.plist */ = {isa = PBXFileReference; lastKnownFileType = text.plist.xml; path = Info.plist; sourceTree = "<group>"; };
		039DBCC721E6187D00D5B22B /* MenuViewController.swift */ = {isa = PBXFileReference; lastKnownFileType = sourcecode.swift; path = MenuViewController.swift; sourceTree = "<group>"; };
		039DBCC921E62A1500D5B22B /* LogInViewController.swift */ = {isa = PBXFileReference; lastKnownFileType = sourcecode.swift; path = LogInViewController.swift; sourceTree = "<group>"; };
		039DBCCB21E6371900D5B22B /* SignUpViewController.swift */ = {isa = PBXFileReference; lastKnownFileType = sourcecode.swift; path = SignUpViewController.swift; sourceTree = "<group>"; };
		039DBCCD21E6457F00D5B22B /* GoogleService-Info.plist */ = {isa = PBXFileReference; fileEncoding = 4; lastKnownFileType = text.plist.xml; path = "GoogleService-Info.plist"; sourceTree = "<group>"; };
		03A5BA5221E782A900DA26FB /* SessionController.swift */ = {isa = PBXFileReference; lastKnownFileType = sourcecode.swift; path = SessionController.swift; sourceTree = "<group>"; };
		03A5BA5421E78B8600DA26FB /* DetailStoppingInformationViewController.swift */ = {isa = PBXFileReference; lastKnownFileType = sourcecode.swift; path = DetailStoppingInformationViewController.swift; sourceTree = "<group>"; };
		03A5BA5621E78C5800DA26FB /* NewStopViewController.swift */ = {isa = PBXFileReference; lastKnownFileType = sourcecode.swift; path = NewStopViewController.swift; sourceTree = "<group>"; };
		03A5BA5821E790D400DA26FB /* ProductType.swift */ = {isa = PBXFileReference; lastKnownFileType = sourcecode.swift; path = ProductType.swift; sourceTree = "<group>"; };
		03CEF31A21EE31FE00B80F6B /* SearchUserTableViewCell.swift */ = {isa = PBXFileReference; lastKnownFileType = sourcecode.swift; path = SearchUserTableViewCell.swift; sourceTree = "<group>"; };
		30B393818626FA82FF2840AD /* Pods-QuitMeat.debug.xcconfig */ = {isa = PBXFileReference; includeInIndex = 1; lastKnownFileType = text.xcconfig; name = "Pods-QuitMeat.debug.xcconfig"; path = "Pods/Target Support Files/Pods-QuitMeat/Pods-QuitMeat.debug.xcconfig"; sourceTree = "<group>"; };
		72531E7F512C593AD2EB51CD /* Pods_QuitMeat.framework */ = {isa = PBXFileReference; explicitFileType = wrapper.framework; includeInIndex = 0; path = Pods_QuitMeat.framework; sourceTree = BUILT_PRODUCTS_DIR; };
		828562520F6BAC1F2CBEAFF4 /* Pods-QuitMeat.release.xcconfig */ = {isa = PBXFileReference; includeInIndex = 1; lastKnownFileType = text.xcconfig; name = "Pods-QuitMeat.release.xcconfig"; path = "Pods/Target Support Files/Pods-QuitMeat/Pods-QuitMeat.release.xcconfig"; sourceTree = "<group>"; };
/* End PBXFileReference section */

/* Begin PBXFrameworksBuildPhase section */
		039DBCAF21E615C000D5B22B /* Frameworks */ = {
			isa = PBXFrameworksBuildPhase;
			buildActionMask = 2147483647;
			files = (
				575543324A61FB4420D8E5A1 /* Pods_QuitMeat.framework in Frameworks */,
			);
			runOnlyForDeploymentPostprocessing = 0;
		};
/* End PBXFrameworksBuildPhase section */

/* Begin PBXGroup section */
		039DBCA921E615C000D5B22B = {
			isa = PBXGroup;
			children = (
				039DBCB421E615C000D5B22B /* QuitMeat */,
				039DBCB321E615C000D5B22B /* Products */,
				C3E277F4FACEC2C6E6C129AD /* Pods */,
				B60EC367E7D800CE83CD8EE2 /* Frameworks */,
			);
			sourceTree = "<group>";
		};
		039DBCB321E615C000D5B22B /* Products */ = {
			isa = PBXGroup;
			children = (
				039DBCB221E615C000D5B22B /* QuitMeat.app */,
			);
			name = Products;
			sourceTree = "<group>";
		};
		039DBCB421E615C000D5B22B /* QuitMeat */ = {
			isa = PBXGroup;
			children = (
				039DBCB521E615C000D5B22B /* AppDelegate.swift */,
				039DBCB721E615C000D5B22B /* InitialViewController.swift */,
				039DBCC721E6187D00D5B22B /* MenuViewController.swift */,
				03A5BA5221E782A900DA26FB /* SessionController.swift */,
				03A5BA5821E790D400DA26FB /* ProductType.swift */,
				0376657B21E8E17900F6E2C0 /* stoppedItem.swift */,
				039DBCC921E62A1500D5B22B /* LogInViewController.swift */,
				039DBCCB21E6371900D5B22B /* SignUpViewController.swift */,
				0376658721EE18EB00F6E2C0 /* User.swift */,
				030B424E21E6519E00FF4921 /* HomeScreenViewController.swift */,
				0376658521EE0EB800F6E2C0 /* AddFriendViewController.swift */,
				03CEF31A21EE31FE00B80F6B /* SearchUserTableViewCell.swift */,
				0376657F21EDF1C900F6E2C0 /* MainSocialViewController.swift */,
				0376658121EDF2DA00F6E2C0 /* SocialEventsViewController.swift */,
				0376658321EDF2EB00F6E2C0 /* SocialFriendsViewController.swift */,
				039DBCB921E615C000D5B22B /* Main.storyboard */,
				03A5BA5421E78B8600DA26FB /* DetailStoppingInformationViewController.swift */,
				03A5BA5621E78C5800DA26FB /* NewStopViewController.swift */,
				039DBCBC21E615C300D5B22B /* Assets.xcassets */,
				039DBCBE21E615C300D5B22B /* LaunchScreen.storyboard */,
				039DBCC121E615C300D5B22B /* Info.plist */,
				039DBCCD21E6457F00D5B22B /* GoogleService-Info.plist */,
			);
			path = QuitMeat;
			sourceTree = "<group>";
		};
		B60EC367E7D800CE83CD8EE2 /* Frameworks */ = {
			isa = PBXGroup;
			children = (
				72531E7F512C593AD2EB51CD /* Pods_QuitMeat.framework */,
			);
			name = Frameworks;
			sourceTree = "<group>";
		};
		C3E277F4FACEC2C6E6C129AD /* Pods */ = {
			isa = PBXGroup;
			children = (
				30B393818626FA82FF2840AD /* Pods-QuitMeat.debug.xcconfig */,
				828562520F6BAC1F2CBEAFF4 /* Pods-QuitMeat.release.xcconfig */,
			);
			name = Pods;
			sourceTree = "<group>";
		};
/* End PBXGroup section */

/* Begin PBXNativeTarget section */
		039DBCB121E615C000D5B22B /* QuitMeat */ = {
			isa = PBXNativeTarget;
			buildConfigurationList = 039DBCC421E615C300D5B22B /* Build configuration list for PBXNativeTarget "QuitMeat" */;
			buildPhases = (
				A6CEE11B8A5A929E35281F86 /* [CP] Check Pods Manifest.lock */,
				039DBCAE21E615C000D5B22B /* Sources */,
				039DBCAF21E615C000D5B22B /* Frameworks */,
				039DBCB021E615C000D5B22B /* Resources */,
				48429F8A6C995B9CD60ED9D5 /* [CP] Embed Pods Frameworks */,
				A19F6820373D72C7F069FCDF /* [CP] Copy Pods Resources */,
			);
			buildRules = (
			);
			dependencies = (
			);
			name = QuitMeat;
			productName = QuitMeat;
			productReference = 039DBCB221E615C000D5B22B /* QuitMeat.app */;
			productType = "com.apple.product-type.application";
		};
/* End PBXNativeTarget section */

/* Begin PBXProject section */
		039DBCAA21E615C000D5B22B /* Project object */ = {
			isa = PBXProject;
			attributes = {
				LastSwiftUpdateCheck = 1010;
				LastUpgradeCheck = 1010;
				ORGANIZATIONNAME = "Melle Meewis";
				TargetAttributes = {
					039DBCB121E615C000D5B22B = {
						CreatedOnToolsVersion = 10.1;
					};
				};
			};
			buildConfigurationList = 039DBCAD21E615C000D5B22B /* Build configuration list for PBXProject "QuitMeat" */;
			compatibilityVersion = "Xcode 9.3";
			developmentRegion = en;
			hasScannedForEncodings = 0;
			knownRegions = (
				en,
				Base,
			);
			mainGroup = 039DBCA921E615C000D5B22B;
			productRefGroup = 039DBCB321E615C000D5B22B /* Products */;
			projectDirPath = "";
			projectRoot = "";
			targets = (
				039DBCB121E615C000D5B22B /* QuitMeat */,
			);
		};
/* End PBXProject section */

/* Begin PBXResourcesBuildPhase section */
		039DBCB021E615C000D5B22B /* Resources */ = {
			isa = PBXResourcesBuildPhase;
			buildActionMask = 2147483647;
			files = (
				039DBCC021E615C300D5B22B /* LaunchScreen.storyboard in Resources */,
				039DBCCE21E6458000D5B22B /* GoogleService-Info.plist in Resources */,
				039DBCBD21E615C300D5B22B /* Assets.xcassets in Resources */,
				039DBCBB21E615C000D5B22B /* Main.storyboard in Resources */,
			);
			runOnlyForDeploymentPostprocessing = 0;
		};
/* End PBXResourcesBuildPhase section */

/* Begin PBXShellScriptBuildPhase section */
		48429F8A6C995B9CD60ED9D5 /* [CP] Embed Pods Frameworks */ = {
			isa = PBXShellScriptBuildPhase;
			buildActionMask = 2147483647;
			files = (
			);
			inputFileListPaths = (
			);
			inputPaths = (
				"${SRCROOT}/Pods/Target Support Files/Pods-QuitMeat/Pods-QuitMeat-frameworks.sh",
				"${BUILT_PRODUCTS_DIR}/GTMSessionFetcher/GTMSessionFetcher.framework",
				"${BUILT_PRODUCTS_DIR}/GoogleUtilities/GoogleUtilities.framework",
				"${BUILT_PRODUCTS_DIR}/leveldb-library/leveldb.framework",
				"${BUILT_PRODUCTS_DIR}/nanopb/nanopb.framework",
			);
			name = "[CP] Embed Pods Frameworks";
			outputFileListPaths = (
			);
			outputPaths = (
				"${TARGET_BUILD_DIR}/${FRAMEWORKS_FOLDER_PATH}/GTMSessionFetcher.framework",
				"${TARGET_BUILD_DIR}/${FRAMEWORKS_FOLDER_PATH}/GoogleUtilities.framework",
				"${TARGET_BUILD_DIR}/${FRAMEWORKS_FOLDER_PATH}/leveldb.framework",
				"${TARGET_BUILD_DIR}/${FRAMEWORKS_FOLDER_PATH}/nanopb.framework",
			);
			runOnlyForDeploymentPostprocessing = 0;
			shellPath = /bin/sh;
			shellScript = "\"${SRCROOT}/Pods/Target Support Files/Pods-QuitMeat/Pods-QuitMeat-frameworks.sh\"\n";
			showEnvVarsInLog = 0;
		};
		A19F6820373D72C7F069FCDF /* [CP] Copy Pods Resources */ = {
			isa = PBXShellScriptBuildPhase;
			buildActionMask = 2147483647;
			files = (
			);
			inputFileListPaths = (
			);
			inputPaths = (
				"${SRCROOT}/Pods/Target Support Files/Pods-QuitMeat/Pods-QuitMeat-resources.sh",
				"${PODS_CONFIGURATION_BUILD_DIR}/FirebaseUI/FirebaseAuthUI.bundle",
			);
			name = "[CP] Copy Pods Resources";
			outputFileListPaths = (
			);
			outputPaths = (
				"${TARGET_BUILD_DIR}/${UNLOCALIZED_RESOURCES_FOLDER_PATH}/FirebaseAuthUI.bundle",
			);
			runOnlyForDeploymentPostprocessing = 0;
			shellPath = /bin/sh;
			shellScript = "\"${SRCROOT}/Pods/Target Support Files/Pods-QuitMeat/Pods-QuitMeat-resources.sh\"\n";
			showEnvVarsInLog = 0;
		};
		A6CEE11B8A5A929E35281F86 /* [CP] Check Pods Manifest.lock */ = {
			isa = PBXShellScriptBuildPhase;
			buildActionMask = 2147483647;
			files = (
			);
			inputFileListPaths = (
			);
			inputPaths = (
				"${PODS_PODFILE_DIR_PATH}/Podfile.lock",
				"${PODS_ROOT}/Manifest.lock",
			);
			name = "[CP] Check Pods Manifest.lock";
			outputFileListPaths = (
			);
			outputPaths = (
				"$(DERIVED_FILE_DIR)/Pods-QuitMeat-checkManifestLockResult.txt",
			);
			runOnlyForDeploymentPostprocessing = 0;
			shellPath = /bin/sh;
			shellScript = "diff \"${PODS_PODFILE_DIR_PATH}/Podfile.lock\" \"${PODS_ROOT}/Manifest.lock\" > /dev/null\nif [ $? != 0 ] ; then\n    # print error to STDERR\n    echo \"error: The sandbox is not in sync with the Podfile.lock. Run 'pod install' or update your CocoaPods installation.\" >&2\n    exit 1\nfi\n# This output is used by Xcode 'outputs' to avoid re-running this script phase.\necho \"SUCCESS\" > \"${SCRIPT_OUTPUT_FILE_0}\"\n";
			showEnvVarsInLog = 0;
		};
/* End PBXShellScriptBuildPhase section */

/* Begin PBXSourcesBuildPhase section */
		039DBCAE21E615C000D5B22B /* Sources */ = {
			isa = PBXSourcesBuildPhase;
			buildActionMask = 2147483647;
			files = (
				03A5BA5321E782A900DA26FB /* SessionController.swift in Sources */,
				039DBCCA21E62A1500D5B22B /* LogInViewController.swift in Sources */,
				0376658221EDF2DA00F6E2C0 /* SocialEventsViewController.swift in Sources */,
				039DBCB821E615C000D5B22B /* InitialViewController.swift in Sources */,
				03CEF31B21EE31FE00B80F6B /* SearchUserTableViewCell.swift in Sources */,
				0376658821EE18EB00F6E2C0 /* User.swift in Sources */,
				039DBCC821E6187D00D5B22B /* MenuViewController.swift in Sources */,
				0376658421EDF2EB00F6E2C0 /* SocialFriendsViewController.swift in Sources */,
				0376658021EDF1C900F6E2C0 /* MainSocialViewController.swift in Sources */,
				0376657C21E8E17900F6E2C0 /* stoppedItem.swift in Sources */,
				03A5BA5521E78B8600DA26FB /* DetailStoppingInformationViewController.swift in Sources */,
				03A5BA5921E790D400DA26FB /* ProductType.swift in Sources */,
				039DBCCC21E6371900D5B22B /* SignUpViewController.swift in Sources */,
				03A5BA5721E78C5800DA26FB /* NewStopViewController.swift in Sources */,
				0376658621EE0EB800F6E2C0 /* AddFriendViewController.swift in Sources */,
				039DBCB621E615C000D5B22B /* AppDelegate.swift in Sources */,
				030B424F21E6519E00FF4921 /* HomeScreenViewController.swift in Sources */,
			);
			runOnlyForDeploymentPostprocessing = 0;
		};
/* End PBXSourcesBuildPhase section */

/* Begin PBXVariantGroup section */
		039DBCB921E615C000D5B22B /* Main.storyboard */ = {
			isa = PBXVariantGroup;
			children = (
				039DBCBA21E615C000D5B22B /* Base */,
			);
			name = Main.storyboard;
			sourceTree = "<group>";
		};
		039DBCBE21E615C300D5B22B /* LaunchScreen.storyboard */ = {
			isa = PBXVariantGroup;
			children = (
				039DBCBF21E615C300D5B22B /* Base */,
			);
			name = LaunchScreen.storyboard;
			sourceTree = "<group>";
		};
/* End PBXVariantGroup section */

/* Begin XCBuildConfiguration section */
		039DBCC221E615C300D5B22B /* Debug */ = {
			isa = XCBuildConfiguration;
			buildSettings = {
				ALWAYS_SEARCH_USER_PATHS = NO;
				CLANG_ANALYZER_NONNULL = YES;
				CLANG_ANALYZER_NUMBER_OBJECT_CONVERSION = YES_AGGRESSIVE;
				CLANG_CXX_LANGUAGE_STANDARD = "gnu++14";
				CLANG_CXX_LIBRARY = "libc++";
				CLANG_ENABLE_MODULES = YES;
				CLANG_ENABLE_OBJC_ARC = YES;
				CLANG_ENABLE_OBJC_WEAK = YES;
				CLANG_WARN_BLOCK_CAPTURE_AUTORELEASING = YES;
				CLANG_WARN_BOOL_CONVERSION = YES;
				CLANG_WARN_COMMA = YES;
				CLANG_WARN_CONSTANT_CONVERSION = YES;
				CLANG_WARN_DEPRECATED_OBJC_IMPLEMENTATIONS = YES;
				CLANG_WARN_DIRECT_OBJC_ISA_USAGE = YES_ERROR;
				CLANG_WARN_DOCUMENTATION_COMMENTS = YES;
				CLANG_WARN_EMPTY_BODY = YES;
				CLANG_WARN_ENUM_CONVERSION = YES;
				CLANG_WARN_INFINITE_RECURSION = YES;
				CLANG_WARN_INT_CONVERSION = YES;
				CLANG_WARN_NON_LITERAL_NULL_CONVERSION = YES;
				CLANG_WARN_OBJC_IMPLICIT_RETAIN_SELF = YES;
				CLANG_WARN_OBJC_LITERAL_CONVERSION = YES;
				CLANG_WARN_OBJC_ROOT_CLASS = YES_ERROR;
				CLANG_WARN_RANGE_LOOP_ANALYSIS = YES;
				CLANG_WARN_STRICT_PROTOTYPES = YES;
				CLANG_WARN_SUSPICIOUS_MOVE = YES;
				CLANG_WARN_UNGUARDED_AVAILABILITY = YES_AGGRESSIVE;
				CLANG_WARN_UNREACHABLE_CODE = YES;
				CLANG_WARN__DUPLICATE_METHOD_MATCH = YES;
				CODE_SIGN_IDENTITY = "iPhone Developer";
				COPY_PHASE_STRIP = NO;
				DEBUG_INFORMATION_FORMAT = dwarf;
				ENABLE_STRICT_OBJC_MSGSEND = YES;
				ENABLE_TESTABILITY = YES;
				GCC_C_LANGUAGE_STANDARD = gnu11;
				GCC_DYNAMIC_NO_PIC = NO;
				GCC_NO_COMMON_BLOCKS = YES;
				GCC_OPTIMIZATION_LEVEL = 0;
				GCC_PREPROCESSOR_DEFINITIONS = (
					"DEBUG=1",
					"$(inherited)",
				);
				GCC_WARN_64_TO_32_BIT_CONVERSION = YES;
				GCC_WARN_ABOUT_RETURN_TYPE = YES_ERROR;
				GCC_WARN_UNDECLARED_SELECTOR = YES;
				GCC_WARN_UNINITIALIZED_AUTOS = YES_AGGRESSIVE;
				GCC_WARN_UNUSED_FUNCTION = YES;
				GCC_WARN_UNUSED_VARIABLE = YES;
				IPHONEOS_DEPLOYMENT_TARGET = 12.1;
				MTL_ENABLE_DEBUG_INFO = INCLUDE_SOURCE;
				MTL_FAST_MATH = YES;
				ONLY_ACTIVE_ARCH = YES;
				SDKROOT = iphoneos;
				SWIFT_ACTIVE_COMPILATION_CONDITIONS = DEBUG;
				SWIFT_OPTIMIZATION_LEVEL = "-Onone";
			};
			name = Debug;
		};
		039DBCC321E615C300D5B22B /* Release */ = {
			isa = XCBuildConfiguration;
			buildSettings = {
				ALWAYS_SEARCH_USER_PATHS = NO;
				CLANG_ANALYZER_NONNULL = YES;
				CLANG_ANALYZER_NUMBER_OBJECT_CONVERSION = YES_AGGRESSIVE;
				CLANG_CXX_LANGUAGE_STANDARD = "gnu++14";
				CLANG_CXX_LIBRARY = "libc++";
				CLANG_ENABLE_MODULES = YES;
				CLANG_ENABLE_OBJC_ARC = YES;
				CLANG_ENABLE_OBJC_WEAK = YES;
				CLANG_WARN_BLOCK_CAPTURE_AUTORELEASING = YES;
				CLANG_WARN_BOOL_CONVERSION = YES;
				CLANG_WARN_COMMA = YES;
				CLANG_WARN_CONSTANT_CONVERSION = YES;
				CLANG_WARN_DEPRECATED_OBJC_IMPLEMENTATIONS = YES;
				CLANG_WARN_DIRECT_OBJC_ISA_USAGE = YES_ERROR;
				CLANG_WARN_DOCUMENTATION_COMMENTS = YES;
				CLANG_WARN_EMPTY_BODY = YES;
				CLANG_WARN_ENUM_CONVERSION = YES;
				CLANG_WARN_INFINITE_RECURSION = YES;
				CLANG_WARN_INT_CONVERSION = YES;
				CLANG_WARN_NON_LITERAL_NULL_CONVERSION = YES;
				CLANG_WARN_OBJC_IMPLICIT_RETAIN_SELF = YES;
				CLANG_WARN_OBJC_LITERAL_CONVERSION = YES;
				CLANG_WARN_OBJC_ROOT_CLASS = YES_ERROR;
				CLANG_WARN_RANGE_LOOP_ANALYSIS = YES;
				CLANG_WARN_STRICT_PROTOTYPES = YES;
				CLANG_WARN_SUSPICIOUS_MOVE = YES;
				CLANG_WARN_UNGUARDED_AVAILABILITY = YES_AGGRESSIVE;
				CLANG_WARN_UNREACHABLE_CODE = YES;
				CLANG_WARN__DUPLICATE_METHOD_MATCH = YES;
				CODE_SIGN_IDENTITY = "iPhone Developer";
				COPY_PHASE_STRIP = NO;
				DEBUG_INFORMATION_FORMAT = "dwarf-with-dsym";
				ENABLE_NS_ASSERTIONS = NO;
				ENABLE_STRICT_OBJC_MSGSEND = YES;
				GCC_C_LANGUAGE_STANDARD = gnu11;
				GCC_NO_COMMON_BLOCKS = YES;
				GCC_WARN_64_TO_32_BIT_CONVERSION = YES;
				GCC_WARN_ABOUT_RETURN_TYPE = YES_ERROR;
				GCC_WARN_UNDECLARED_SELECTOR = YES;
				GCC_WARN_UNINITIALIZED_AUTOS = YES_AGGRESSIVE;
				GCC_WARN_UNUSED_FUNCTION = YES;
				GCC_WARN_UNUSED_VARIABLE = YES;
				IPHONEOS_DEPLOYMENT_TARGET = 12.1;
				MTL_ENABLE_DEBUG_INFO = NO;
				MTL_FAST_MATH = YES;
				SDKROOT = iphoneos;
				SWIFT_COMPILATION_MODE = wholemodule;
				SWIFT_OPTIMIZATION_LEVEL = "-O";
				VALIDATE_PRODUCT = YES;
			};
			name = Release;
		};
		039DBCC521E615C300D5B22B /* Debug */ = {
			isa = XCBuildConfiguration;
			baseConfigurationReference = 30B393818626FA82FF2840AD /* Pods-QuitMeat.debug.xcconfig */;
			buildSettings = {
				ASSETCATALOG_COMPILER_APPICON_NAME = AppIcon;
				CODE_SIGN_STYLE = Automatic;
				DEVELOPMENT_TEAM = 7L89MMS965;
				INFOPLIST_FILE = QuitMeat/Info.plist;
				LD_RUNPATH_SEARCH_PATHS = (
					"$(inherited)",
					"@executable_path/Frameworks",
				);
				PRODUCT_BUNDLE_IDENTIFIER = com.example.QuitMeat;
				PRODUCT_NAME = "$(TARGET_NAME)";
				SWIFT_VERSION = 4.2;
				TARGETED_DEVICE_FAMILY = "1,2";
			};
			name = Debug;
		};
		039DBCC621E615C300D5B22B /* Release */ = {
			isa = XCBuildConfiguration;
			baseConfigurationReference = 828562520F6BAC1F2CBEAFF4 /* Pods-QuitMeat.release.xcconfig */;
			buildSettings = {
				ASSETCATALOG_COMPILER_APPICON_NAME = AppIcon;
				CODE_SIGN_STYLE = Automatic;
				DEVELOPMENT_TEAM = 7L89MMS965;
				INFOPLIST_FILE = QuitMeat/Info.plist;
				LD_RUNPATH_SEARCH_PATHS = (
					"$(inherited)",
					"@executable_path/Frameworks",
				);
				PRODUCT_BUNDLE_IDENTIFIER = com.example.QuitMeat;
				PRODUCT_NAME = "$(TARGET_NAME)";
				SWIFT_VERSION = 4.2;
				TARGETED_DEVICE_FAMILY = "1,2";
			};
			name = Release;
		};
/* End XCBuildConfiguration section */

/* Begin XCConfigurationList section */
		039DBCAD21E615C000D5B22B /* Build configuration list for PBXProject "QuitMeat" */ = {
			isa = XCConfigurationList;
			buildConfigurations = (
				039DBCC221E615C300D5B22B /* Debug */,
				039DBCC321E615C300D5B22B /* Release */,
			);
			defaultConfigurationIsVisible = 0;
			defaultConfigurationName = Release;
		};
		039DBCC421E615C300D5B22B /* Build configuration list for PBXNativeTarget "QuitMeat" */ = {
			isa = XCConfigurationList;
			buildConfigurations = (
				039DBCC521E615C300D5B22B /* Debug */,
				039DBCC621E615C300D5B22B /* Release */,
			);
			defaultConfigurationIsVisible = 0;
			defaultConfigurationName = Release;
		};
/* End XCConfigurationList section */
	};
	rootObject = 039DBCAA21E615C000D5B22B /* Project object */;
}
